
Microsoft Visual Studio Solution File, Format Version 12.00
# Visual Studio Version 17
VisualStudioVersion = 17.10.34928.147
MinimumVisualStudioVersion = 10.0.40219.1
Project("{FAE04EC0-301F-11D3-BF4B-00C04F79EFBC}") = "Sample.WebApi.Service", "Sample.WebApi.Service\Sample.WebApi.Service.csproj", "{8BB59132-CB04-4BAF-90EA-D62E3E12CB2F}"
EndProject
Global
	GlobalSection(SolutionConfigurationPlatforms) = preSolution
		Debug|Any CPU = Debug|Any CPU
		Release|Any CPU = Release|Any CPU
	EndGlobalSection
	GlobalSection(ProjectConfigurationPlatforms) = postSolution
		{8BB59132-CB04-4BAF-90EA-D62E3E12CB2F}.Debug|Any CPU.ActiveCfg = Debug|Any CPU
		{8BB59132-CB04-4BAF-90EA-D62E3E12CB2F}.Debug|Any CPU.Build.0 = Debug|Any CPU
		{8BB59132-CB04-4BAF-90EA-D62E3E12CB2F}.Release|Any CPU.ActiveCfg = Release|Any CPU
		{8BB59132-CB04-4BAF-90EA-D62E3E12CB2F}.Release|Any CPU.Build.0 = Release|Any CPU
	EndGlobalSection
	GlobalSection(SolutionProperties) = preSolution
		HideSolutionNode = FALSE
	EndGlobalSection
	GlobalSection(ExtensibilityGlobals) = postSolution
		SolutionGuid = {5346EDF9-EA84-4027-A274-6019BFD1E321}
	EndGlobalSection
EndGlobal
